
Microsoft Visual Studio Solution File, Format Version 12.00
# Visual Studio Version 17
VisualStudioVersion = 17.2.32616.157
MinimumVisualStudioVersion = 10.0.40219.1
Project("{FAE04EC0-301F-11D3-BF4B-00C04F79EFBC}") = "TollAdmin", "TollAdmin.csproj", "{68DB9362-A5A6-49AB-AF80-28749FA0389E}"
EndProject
Global
	GlobalSection(SolutionConfigurationPlatforms) = preSolution
		Debug|Any CPU = Debug|Any CPU
		Release|Any CPU = Release|Any CPU
	EndGlobalSection
	GlobalSection(ProjectConfigurationPlatforms) = postSolution
		{68DB9362-A5A6-49AB-AF80-28749FA0389E}.Debug|Any CPU.ActiveCfg = Debug|Any CPU
		{68DB9362-A5A6-49AB-AF80-28749FA0389E}.Debug|Any CPU.Build.0 = Debug|Any CPU
		{68DB9362-A5A6-49AB-AF80-28749FA0389E}.Release|Any CPU.ActiveCfg = Release|Any CPU
		{68DB9362-A5A6-49AB-AF80-28749FA0389E}.Release|Any CPU.Build.0 = Release|Any CPU
	EndGlobalSection
	GlobalSection(SolutionProperties) = preSolution
		HideSolutionNode = FALSE
	EndGlobalSection
	GlobalSection(ExtensibilityGlobals) = postSolution
		SolutionGuid = {479E2FA6-A79D-44E0-AE76-51ECEE8A8EF0}
	EndGlobalSection
EndGlobal
